{
  "name": "uol-intro-to-programming",
  "lockfileVersion": 3,
  "requires": true,
  "packages": {
    "": {
      "dependencies": {
        "audiobuffer-to-wav": "^1.0.0"
      }
    },
    "node_modules/audiobuffer-to-wav": {
      "version": "1.0.0",
      "resolved": "https://registry.npmjs.org/audiobuffer-to-wav/-/audiobuffer-to-wav-1.0.0.tgz",
      "integrity": "sha512-CAoir4NRrAzAgYo20tEMiKZR84coE8bq/L+H2kwAaULVY4+0xySsEVtNT5raqpzmH6y0pqzY6EmoViLd9W8F/w=="
    }
  }
}
